
Microsoft Visual Studio Solution File, Format Version 12.00
# Visual Studio 2013
VisualStudioVersion = 12.0.21005.1
MinimumVisualStudioVersion = 10.0.40219.1
Project("{FAE04EC0-301F-11D3-BF4B-00C04F79EFBC}") = "OmniSharp", "OmniSharp\OmniSharp.csproj", "{39D6E519-26A4-47D7-B3B1-A7545EBCE23B}"
EndProject
Project("{FAE04EC0-301F-11D3-BF4B-00C04F79EFBC}") = "OmniSharp.Tests", "OmniSharp.Tests\OmniSharp.Tests.csproj", "{1F3D3CA5-1E85-4657-8719-24E5ED0D1FAE}"
EndProject
Project("{FAE04EC0-301F-11D3-BF4B-00C04F79EFBC}") = "Microsoft.Build.Evaluation", "Microsoft.Build.Evaluation\Microsoft.Build.Evaluation.csproj", "{3650EB54-3511-4009-B430-3DA4BBFD9D7F}"
EndProject
Project("{FAE04EC0-301F-11D3-BF4B-00C04F79EFBC}") = "ICSharpCode.NRefactory", "NRefactory\ICSharpCode.NRefactory\ICSharpCode.NRefactory.csproj", "{3B2A5653-EC97-4001-BB9B-D90F1AF2C371}"
EndProject
Project("{FAE04EC0-301F-11D3-BF4B-00C04F79EFBC}") = "ICSharpCode.NRefactory.CSharp", "NRefactory\ICSharpCode.NRefactory.CSharp\ICSharpCode.NRefactory.CSharp.csproj", "{53DCA265-3C3C-42F9-B647-F72BA678122B}"
EndProject
Project("{FAE04EC0-301F-11D3-BF4B-00C04F79EFBC}") = "Mono.Cecil", "cecil\Mono.Cecil.csproj", "{D68133BD-1E63-496E-9EDE-4FBDBF77B486}"
EndProject
Project("{FAE04EC0-301F-11D3-BF4B-00C04F79EFBC}") = "ICSharpCode.NRefactory.Cecil", "NRefactory\ICSharpCode.NRefactory.Cecil\ICSharpCode.NRefactory.Cecil.csproj", "{2B8F4F83-C2B3-4E84-A27B-8DEE1BE0E006}"
EndProject
Project("{FAE04EC0-301F-11D3-BF4B-00C04F79EFBC}") = "ICSharpCode.NRefactory.CSharp.Refactoring", "NRefactory\ICSharpCode.NRefactory.CSharp.Refactoring\ICSharpCode.NRefactory.CSharp.Refactoring.csproj", "{2A705FC6-1A9E-4941-9E47-254D79F2D9D5}"
EndProject
Project("{FAE04EC0-301F-11D3-BF4B-00C04F79EFBC}") = "ICSharpCode.NRefactory.Xml", "NRefactory\ICSharpCode.NRefactory.Xml\ICSharpCode.NRefactory.Xml.csproj", "{DC393B66-92ED-4CAD-AB25-CFEF23F3D7C6}"
EndProject
Global
	GlobalSection(SolutionConfigurationPlatforms) = preSolution
		Debug|Any CPU = Debug|Any CPU
		Debug|x86 = Debug|x86
		net_4_0_Debug|Any CPU = net_4_0_Debug|Any CPU
		net_4_0_Debug|x86 = net_4_0_Debug|x86
		net_4_0_Release|Any CPU = net_4_0_Release|Any CPU
		net_4_0_Release|x86 = net_4_0_Release|x86
		net_4_5_Debug|Any CPU = net_4_5_Debug|Any CPU
		net_4_5_Debug|x86 = net_4_5_Debug|x86
		net_4_5_Release|Any CPU = net_4_5_Release|Any CPU
		net_4_5_Release|x86 = net_4_5_Release|x86
		Release|Any CPU = Release|Any CPU
		Release|x86 = Release|x86
	EndGlobalSection
	GlobalSection(ProjectConfigurationPlatforms) = postSolution
		{39D6E519-26A4-47D7-B3B1-A7545EBCE23B}.Debug|Any CPU.ActiveCfg = Debug|Any CPU
		{39D6E519-26A4-47D7-B3B1-A7545EBCE23B}.Debug|Any CPU.Build.0 = Debug|Any CPU
		{39D6E519-26A4-47D7-B3B1-A7545EBCE23B}.Debug|x86.ActiveCfg = Debug|x86
		{39D6E519-26A4-47D7-B3B1-A7545EBCE23B}.Debug|x86.Build.0 = Debug|x86
		{39D6E519-26A4-47D7-B3B1-A7545EBCE23B}.net_4_0_Debug|Any CPU.ActiveCfg = Debug|Any CPU
		{39D6E519-26A4-47D7-B3B1-A7545EBCE23B}.net_4_0_Debug|Any CPU.Build.0 = Debug|Any CPU
		{39D6E519-26A4-47D7-B3B1-A7545EBCE23B}.net_4_0_Debug|x86.ActiveCfg = Debug|x86
		{39D6E519-26A4-47D7-B3B1-A7545EBCE23B}.net_4_0_Release|Any CPU.ActiveCfg = Debug|x86
		{39D6E519-26A4-47D7-B3B1-A7545EBCE23B}.net_4_0_Release|Any CPU.Build.0 = Debug|x86
		{39D6E519-26A4-47D7-B3B1-A7545EBCE23B}.net_4_0_Release|x86.ActiveCfg = Release|x86
		{39D6E519-26A4-47D7-B3B1-A7545EBCE23B}.net_4_5_Debug|Any CPU.ActiveCfg = Debug|x86
		{39D6E519-26A4-47D7-B3B1-A7545EBCE23B}.net_4_5_Debug|Any CPU.Build.0 = Debug|x86
		{39D6E519-26A4-47D7-B3B1-A7545EBCE23B}.net_4_5_Debug|x86.ActiveCfg = Debug|x86
		{39D6E519-26A4-47D7-B3B1-A7545EBCE23B}.net_4_5_Release|Any CPU.ActiveCfg = Debug|x86
		{39D6E519-26A4-47D7-B3B1-A7545EBCE23B}.net_4_5_Release|Any CPU.Build.0 = Debug|x86
		{39D6E519-26A4-47D7-B3B1-A7545EBCE23B}.net_4_5_Release|x86.ActiveCfg = Release|x86
		{39D6E519-26A4-47D7-B3B1-A7545EBCE23B}.Release|Any CPU.ActiveCfg = Release|Any CPU
		{39D6E519-26A4-47D7-B3B1-A7545EBCE23B}.Release|Any CPU.Build.0 = Release|Any CPU
		{39D6E519-26A4-47D7-B3B1-A7545EBCE23B}.Release|x86.ActiveCfg = Release|x86
		{39D6E519-26A4-47D7-B3B1-A7545EBCE23B}.Release|x86.Build.0 = Release|x86
		{1F3D3CA5-1E85-4657-8719-24E5ED0D1FAE}.Debug|Any CPU.ActiveCfg = Debug|Any CPU
		{1F3D3CA5-1E85-4657-8719-24E5ED0D1FAE}.Debug|Any CPU.Build.0 = Debug|Any CPU
		{1F3D3CA5-1E85-4657-8719-24E5ED0D1FAE}.Debug|x86.ActiveCfg = Debug|Any CPU
		{1F3D3CA5-1E85-4657-8719-24E5ED0D1FAE}.net_4_0_Debug|Any CPU.ActiveCfg = Debug|Any CPU
		{1F3D3CA5-1E85-4657-8719-24E5ED0D1FAE}.net_4_0_Debug|Any CPU.Build.0 = Debug|Any CPU
		{1F3D3CA5-1E85-4657-8719-24E5ED0D1FAE}.net_4_0_Debug|x86.ActiveCfg = Debug|Any CPU
		{1F3D3CA5-1E85-4657-8719-24E5ED0D1FAE}.net_4_0_Release|Any CPU.ActiveCfg = Debug|Any CPU
		{1F3D3CA5-1E85-4657-8719-24E5ED0D1FAE}.net_4_0_Release|Any CPU.Build.0 = Debug|Any CPU
		{1F3D3CA5-1E85-4657-8719-24E5ED0D1FAE}.net_4_0_Release|x86.ActiveCfg = Release|Any CPU
		{1F3D3CA5-1E85-4657-8719-24E5ED0D1FAE}.net_4_5_Debug|Any CPU.ActiveCfg = Debug|Any CPU
		{1F3D3CA5-1E85-4657-8719-24E5ED0D1FAE}.net_4_5_Debug|Any CPU.Build.0 = Debug|Any CPU
		{1F3D3CA5-1E85-4657-8719-24E5ED0D1FAE}.net_4_5_Debug|x86.ActiveCfg = Debug|Any CPU
		{1F3D3CA5-1E85-4657-8719-24E5ED0D1FAE}.net_4_5_Release|Any CPU.ActiveCfg = Debug|Any CPU
		{1F3D3CA5-1E85-4657-8719-24E5ED0D1FAE}.net_4_5_Release|Any CPU.Build.0 = Debug|Any CPU
		{1F3D3CA5-1E85-4657-8719-24E5ED0D1FAE}.net_4_5_Release|x86.ActiveCfg = Release|Any CPU
		{1F3D3CA5-1E85-4657-8719-24E5ED0D1FAE}.Release|Any CPU.ActiveCfg = Release|Any CPU
		{1F3D3CA5-1E85-4657-8719-24E5ED0D1FAE}.Release|Any CPU.Build.0 = Release|Any CPU
		{1F3D3CA5-1E85-4657-8719-24E5ED0D1FAE}.Release|x86.ActiveCfg = Release|Any CPU
		{3650EB54-3511-4009-B430-3DA4BBFD9D7F}.Debug|Any CPU.ActiveCfg = Debug|Any CPU
		{3650EB54-3511-4009-B430-3DA4BBFD9D7F}.Debug|Any CPU.Build.0 = Debug|Any CPU
		{3650EB54-3511-4009-B430-3DA4BBFD9D7F}.Debug|x86.ActiveCfg = Debug|Any CPU
		{3650EB54-3511-4009-B430-3DA4BBFD9D7F}.net_4_0_Debug|Any CPU.ActiveCfg = Debug|Any CPU
		{3650EB54-3511-4009-B430-3DA4BBFD9D7F}.net_4_0_Debug|Any CPU.Build.0 = Debug|Any CPU
		{3650EB54-3511-4009-B430-3DA4BBFD9D7F}.net_4_0_Debug|x86.ActiveCfg = Debug|Any CPU
		{3650EB54-3511-4009-B430-3DA4BBFD9D7F}.net_4_0_Release|Any CPU.ActiveCfg = Debug|Any CPU
		{3650EB54-3511-4009-B430-3DA4BBFD9D7F}.net_4_0_Release|Any CPU.Build.0 = Debug|Any CPU
		{3650EB54-3511-4009-B430-3DA4BBFD9D7F}.net_4_0_Release|x86.ActiveCfg = Release|Any CPU
		{3650EB54-3511-4009-B430-3DA4BBFD9D7F}.net_4_5_Debug|Any CPU.ActiveCfg = Debug|Any CPU
		{3650EB54-3511-4009-B430-3DA4BBFD9D7F}.net_4_5_Debug|Any CPU.Build.0 = Debug|Any CPU
		{3650EB54-3511-4009-B430-3DA4BBFD9D7F}.net_4_5_Debug|x86.ActiveCfg = Debug|Any CPU
		{3650EB54-3511-4009-B430-3DA4BBFD9D7F}.net_4_5_Release|Any CPU.ActiveCfg = Debug|Any CPU
		{3650EB54-3511-4009-B430-3DA4BBFD9D7F}.net_4_5_Release|Any CPU.Build.0 = Debug|Any CPU
		{3650EB54-3511-4009-B430-3DA4BBFD9D7F}.net_4_5_Release|x86.ActiveCfg = Release|Any CPU
		{3650EB54-3511-4009-B430-3DA4BBFD9D7F}.Release|Any CPU.ActiveCfg = Release|Any CPU
		{3650EB54-3511-4009-B430-3DA4BBFD9D7F}.Release|Any CPU.Build.0 = Release|Any CPU
		{3650EB54-3511-4009-B430-3DA4BBFD9D7F}.Release|x86.ActiveCfg = Release|Any CPU
		{3B2A5653-EC97-4001-BB9B-D90F1AF2C371}.Debug|Any CPU.ActiveCfg = Debug|Any CPU
		{3B2A5653-EC97-4001-BB9B-D90F1AF2C371}.Debug|Any CPU.Build.0 = Debug|Any CPU
		{3B2A5653-EC97-4001-BB9B-D90F1AF2C371}.Debug|x86.ActiveCfg = Debug|Any CPU
		{3B2A5653-EC97-4001-BB9B-D90F1AF2C371}.Debug|x86.Build.0 = Debug|Any CPU
		{3B2A5653-EC97-4001-BB9B-D90F1AF2C371}.net_4_0_Debug|Any CPU.ActiveCfg = Debug|Any CPU
		{3B2A5653-EC97-4001-BB9B-D90F1AF2C371}.net_4_0_Debug|Any CPU.Build.0 = Debug|Any CPU
		{3B2A5653-EC97-4001-BB9B-D90F1AF2C371}.net_4_0_Debug|x86.ActiveCfg = net_4_5_Release|Any CPU
		{3B2A5653-EC97-4001-BB9B-D90F1AF2C371}.net_4_0_Release|Any CPU.ActiveCfg = Debug|Any CPU
		{3B2A5653-EC97-4001-BB9B-D90F1AF2C371}.net_4_0_Release|Any CPU.Build.0 = Debug|Any CPU
		{3B2A5653-EC97-4001-BB9B-D90F1AF2C371}.net_4_0_Release|x86.ActiveCfg = Release|Any CPU
		{3B2A5653-EC97-4001-BB9B-D90F1AF2C371}.net_4_5_Debug|Any CPU.ActiveCfg = net_4_5_Debug|Any CPU
		{3B2A5653-EC97-4001-BB9B-D90F1AF2C371}.net_4_5_Debug|Any CPU.Build.0 = net_4_5_Debug|Any CPU
		{3B2A5653-EC97-4001-BB9B-D90F1AF2C371}.net_4_5_Debug|x86.ActiveCfg = net_4_5_Debug|Any CPU
		{3B2A5653-EC97-4001-BB9B-D90F1AF2C371}.net_4_5_Release|Any CPU.ActiveCfg = net_4_5_Release|Any CPU
		{3B2A5653-EC97-4001-BB9B-D90F1AF2C371}.net_4_5_Release|Any CPU.Build.0 = net_4_5_Release|Any CPU
		{3B2A5653-EC97-4001-BB9B-D90F1AF2C371}.net_4_5_Release|x86.ActiveCfg = net_4_5_Release|Any CPU
		{3B2A5653-EC97-4001-BB9B-D90F1AF2C371}.Release|Any CPU.ActiveCfg = Release|Any CPU
		{3B2A5653-EC97-4001-BB9B-D90F1AF2C371}.Release|Any CPU.Build.0 = Release|Any CPU
		{3B2A5653-EC97-4001-BB9B-D90F1AF2C371}.Release|x86.ActiveCfg = Release|Any CPU
		{3B2A5653-EC97-4001-BB9B-D90F1AF2C371}.Release|x86.Build.0 = Release|Any CPU
		{53DCA265-3C3C-42F9-B647-F72BA678122B}.Debug|Any CPU.ActiveCfg = Debug|Any CPU
		{53DCA265-3C3C-42F9-B647-F72BA678122B}.Debug|Any CPU.Build.0 = Debug|Any CPU
		{53DCA265-3C3C-42F9-B647-F72BA678122B}.Debug|x86.ActiveCfg = Debug|Any CPU
		{53DCA265-3C3C-42F9-B647-F72BA678122B}.Debug|x86.Build.0 = Debug|Any CPU
		{53DCA265-3C3C-42F9-B647-F72BA678122B}.net_4_0_Debug|Any CPU.ActiveCfg = Debug|Any CPU
		{53DCA265-3C3C-42F9-B647-F72BA678122B}.net_4_0_Debug|Any CPU.Build.0 = Debug|Any CPU
		{53DCA265-3C3C-42F9-B647-F72BA678122B}.net_4_0_Debug|x86.ActiveCfg = net_4_5_Release|Any CPU
		{53DCA265-3C3C-42F9-B647-F72BA678122B}.net_4_0_Release|Any CPU.ActiveCfg = Debug|Any CPU
		{53DCA265-3C3C-42F9-B647-F72BA678122B}.net_4_0_Release|Any CPU.Build.0 = Debug|Any CPU
		{53DCA265-3C3C-42F9-B647-F72BA678122B}.net_4_0_Release|x86.ActiveCfg = Release|Any CPU
		{53DCA265-3C3C-42F9-B647-F72BA678122B}.net_4_5_Debug|Any CPU.ActiveCfg = net_4_5_Debug|Any CPU
		{53DCA265-3C3C-42F9-B647-F72BA678122B}.net_4_5_Debug|Any CPU.Build.0 = net_4_5_Debug|Any CPU
		{53DCA265-3C3C-42F9-B647-F72BA678122B}.net_4_5_Debug|x86.ActiveCfg = net_4_5_Debug|Any CPU
		{53DCA265-3C3C-42F9-B647-F72BA678122B}.net_4_5_Release|Any CPU.ActiveCfg = net_4_5_Release|Any CPU
		{53DCA265-3C3C-42F9-B647-F72BA678122B}.net_4_5_Release|Any CPU.Build.0 = net_4_5_Release|Any CPU
		{53DCA265-3C3C-42F9-B647-F72BA678122B}.net_4_5_Release|x86.ActiveCfg = net_4_5_Release|Any CPU
		{53DCA265-3C3C-42F9-B647-F72BA678122B}.Release|Any CPU.ActiveCfg = Release|Any CPU
		{53DCA265-3C3C-42F9-B647-F72BA678122B}.Release|Any CPU.Build.0 = Release|Any CPU
		{53DCA265-3C3C-42F9-B647-F72BA678122B}.Release|x86.ActiveCfg = Release|Any CPU
		{53DCA265-3C3C-42F9-B647-F72BA678122B}.Release|x86.Build.0 = Release|Any CPU
		{D68133BD-1E63-496E-9EDE-4FBDBF77B486}.Debug|Any CPU.ActiveCfg = net_4_0_Release|Any CPU
		{D68133BD-1E63-496E-9EDE-4FBDBF77B486}.Debug|Any CPU.Build.0 = net_4_0_Release|Any CPU
		{D68133BD-1E63-496E-9EDE-4FBDBF77B486}.Debug|x86.ActiveCfg = net_2_0_Debug|Any CPU
		{D68133BD-1E63-496E-9EDE-4FBDBF77B486}.Debug|x86.Build.0 = net_2_0_Debug|Any CPU
		{D68133BD-1E63-496E-9EDE-4FBDBF77B486}.net_4_0_Debug|Any CPU.ActiveCfg = net_4_0_Debug|Any CPU
		{D68133BD-1E63-496E-9EDE-4FBDBF77B486}.net_4_0_Debug|Any CPU.Build.0 = net_4_0_Debug|Any CPU
		{D68133BD-1E63-496E-9EDE-4FBDBF77B486}.net_4_0_Debug|x86.ActiveCfg = net_4_0_Release|Any CPU
		{D68133BD-1E63-496E-9EDE-4FBDBF77B486}.net_4_0_Release|Any CPU.ActiveCfg = net_4_0_Release|Any CPU
		{D68133BD-1E63-496E-9EDE-4FBDBF77B486}.net_4_0_Release|Any CPU.Build.0 = net_4_0_Release|Any CPU
		{D68133BD-1E63-496E-9EDE-4FBDBF77B486}.net_4_0_Release|x86.ActiveCfg = net_4_0_Release|Any CPU
		{D68133BD-1E63-496E-9EDE-4FBDBF77B486}.net_4_5_Debug|Any CPU.ActiveCfg = net_2_0_Debug|Any CPU
		{D68133BD-1E63-496E-9EDE-4FBDBF77B486}.net_4_5_Debug|Any CPU.Build.0 = net_2_0_Debug|Any CPU
		{D68133BD-1E63-496E-9EDE-4FBDBF77B486}.net_4_5_Debug|x86.ActiveCfg = net_4_0_Release|Any CPU
		{D68133BD-1E63-496E-9EDE-4FBDBF77B486}.net_4_5_Release|Any CPU.ActiveCfg = net_2_0_Debug|Any CPU
		{D68133BD-1E63-496E-9EDE-4FBDBF77B486}.net_4_5_Release|Any CPU.Build.0 = net_2_0_Debug|Any CPU
		{D68133BD-1E63-496E-9EDE-4FBDBF77B486}.net_4_5_Release|x86.ActiveCfg = net_4_0_Debug|Any CPU
		{D68133BD-1E63-496E-9EDE-4FBDBF77B486}.Release|Any CPU.ActiveCfg = winphone_Release|Any CPU
		{D68133BD-1E63-496E-9EDE-4FBDBF77B486}.Release|Any CPU.Build.0 = winphone_Release|Any CPU
		{D68133BD-1E63-496E-9EDE-4FBDBF77B486}.Release|x86.ActiveCfg = net_2_0_Release|Any CPU
		{D68133BD-1E63-496E-9EDE-4FBDBF77B486}.Release|x86.Build.0 = net_2_0_Release|Any CPU
		{2B8F4F83-C2B3-4E84-A27B-8DEE1BE0E006}.Debug|Any CPU.ActiveCfg = Debug|Any CPU
		{2B8F4F83-C2B3-4E84-A27B-8DEE1BE0E006}.Debug|Any CPU.Build.0 = Debug|Any CPU
		{2B8F4F83-C2B3-4E84-A27B-8DEE1BE0E006}.Debug|x86.ActiveCfg = Debug|Any CPU
		{2B8F4F83-C2B3-4E84-A27B-8DEE1BE0E006}.Debug|x86.Build.0 = Debug|Any CPU
		{2B8F4F83-C2B3-4E84-A27B-8DEE1BE0E006}.net_4_0_Debug|Any CPU.ActiveCfg = Debug|Any CPU
		{2B8F4F83-C2B3-4E84-A27B-8DEE1BE0E006}.net_4_0_Debug|Any CPU.Build.0 = Debug|Any CPU
		{2B8F4F83-C2B3-4E84-A27B-8DEE1BE0E006}.net_4_0_Debug|x86.ActiveCfg = net_4_5_Release|Any CPU
		{2B8F4F83-C2B3-4E84-A27B-8DEE1BE0E006}.net_4_0_Release|Any CPU.ActiveCfg = Debug|Any CPU
		{2B8F4F83-C2B3-4E84-A27B-8DEE1BE0E006}.net_4_0_Release|Any CPU.Build.0 = Debug|Any CPU
		{2B8F4F83-C2B3-4E84-A27B-8DEE1BE0E006}.net_4_0_Release|x86.ActiveCfg = Release|Any CPU
		{2B8F4F83-C2B3-4E84-A27B-8DEE1BE0E006}.net_4_5_Debug|Any CPU.ActiveCfg = net_4_5_Debug|Any CPU
		{2B8F4F83-C2B3-4E84-A27B-8DEE1BE0E006}.net_4_5_Debug|Any CPU.Build.0 = net_4_5_Debug|Any CPU
		{2B8F4F83-C2B3-4E84-A27B-8DEE1BE0E006}.net_4_5_Debug|x86.ActiveCfg = net_4_5_Debug|Any CPU
		{2B8F4F83-C2B3-4E84-A27B-8DEE1BE0E006}.net_4_5_Release|Any CPU.ActiveCfg = net_4_5_Release|Any CPU
		{2B8F4F83-C2B3-4E84-A27B-8DEE1BE0E006}.net_4_5_Release|Any CPU.Build.0 = net_4_5_Release|Any CPU
		{2B8F4F83-C2B3-4E84-A27B-8DEE1BE0E006}.net_4_5_Release|x86.ActiveCfg = net_4_5_Release|Any CPU
		{2B8F4F83-C2B3-4E84-A27B-8DEE1BE0E006}.Release|Any CPU.ActiveCfg = Release|Any CPU
		{2B8F4F83-C2B3-4E84-A27B-8DEE1BE0E006}.Release|Any CPU.Build.0 = Release|Any CPU
		{2B8F4F83-C2B3-4E84-A27B-8DEE1BE0E006}.Release|x86.ActiveCfg = Release|Any CPU
		{2B8F4F83-C2B3-4E84-A27B-8DEE1BE0E006}.Release|x86.Build.0 = Release|Any CPU
		{2A705FC6-1A9E-4941-9E47-254D79F2D9D5}.Debug|Any CPU.ActiveCfg = Debug|Any CPU
		{2A705FC6-1A9E-4941-9E47-254D79F2D9D5}.Debug|Any CPU.Build.0 = Debug|Any CPU
		{2A705FC6-1A9E-4941-9E47-254D79F2D9D5}.Debug|x86.ActiveCfg = Debug|Any CPU
		{2A705FC6-1A9E-4941-9E47-254D79F2D9D5}.Debug|x86.Build.0 = Debug|Any CPU
		{2A705FC6-1A9E-4941-9E47-254D79F2D9D5}.net_4_0_Debug|Any CPU.ActiveCfg = Debug|Any CPU
		{2A705FC6-1A9E-4941-9E47-254D79F2D9D5}.net_4_0_Debug|Any CPU.Build.0 = Debug|Any CPU
		{2A705FC6-1A9E-4941-9E47-254D79F2D9D5}.net_4_0_Debug|x86.ActiveCfg = net_4_5_Release|Any CPU
		{2A705FC6-1A9E-4941-9E47-254D79F2D9D5}.net_4_0_Release|Any CPU.ActiveCfg = Debug|Any CPU
		{2A705FC6-1A9E-4941-9E47-254D79F2D9D5}.net_4_0_Release|Any CPU.Build.0 = Debug|Any CPU
		{2A705FC6-1A9E-4941-9E47-254D79F2D9D5}.net_4_0_Release|x86.ActiveCfg = Release|Any CPU
		{2A705FC6-1A9E-4941-9E47-254D79F2D9D5}.net_4_5_Debug|Any CPU.ActiveCfg = net_4_5_Debug|Any CPU
		{2A705FC6-1A9E-4941-9E47-254D79F2D9D5}.net_4_5_Debug|Any CPU.Build.0 = net_4_5_Debug|Any CPU
		{2A705FC6-1A9E-4941-9E47-254D79F2D9D5}.net_4_5_Debug|x86.ActiveCfg = net_4_5_Debug|Any CPU
		{2A705FC6-1A9E-4941-9E47-254D79F2D9D5}.net_4_5_Release|Any CPU.ActiveCfg = net_4_5_Release|Any CPU
		{2A705FC6-1A9E-4941-9E47-254D79F2D9D5}.net_4_5_Release|Any CPU.Build.0 = net_4_5_Release|Any CPU
		{2A705FC6-1A9E-4941-9E47-254D79F2D9D5}.net_4_5_Release|x86.ActiveCfg = net_4_5_Release|Any CPU
		{2A705FC6-1A9E-4941-9E47-254D79F2D9D5}.Release|Any CPU.ActiveCfg = Release|Any CPU
		{2A705FC6-1A9E-4941-9E47-254D79F2D9D5}.Release|Any CPU.Build.0 = Release|Any CPU
		{2A705FC6-1A9E-4941-9E47-254D79F2D9D5}.Release|x86.ActiveCfg = Release|Any CPU
		{2A705FC6-1A9E-4941-9E47-254D79F2D9D5}.Release|x86.Build.0 = Release|Any CPU
		{DC393B66-92ED-4CAD-AB25-CFEF23F3D7C6}.Debug|Any CPU.ActiveCfg = Debug|Any CPU
		{DC393B66-92ED-4CAD-AB25-CFEF23F3D7C6}.Debug|Any CPU.Build.0 = Debug|Any CPU
		{DC393B66-92ED-4CAD-AB25-CFEF23F3D7C6}.Debug|x86.ActiveCfg = Debug|Any CPU
		{DC393B66-92ED-4CAD-AB25-CFEF23F3D7C6}.Debug|x86.Build.0 = Debug|Any CPU
		{DC393B66-92ED-4CAD-AB25-CFEF23F3D7C6}.net_4_0_Debug|Any CPU.ActiveCfg = Debug|Any CPU
		{DC393B66-92ED-4CAD-AB25-CFEF23F3D7C6}.net_4_0_Debug|Any CPU.Build.0 = Debug|Any CPU
		{DC393B66-92ED-4CAD-AB25-CFEF23F3D7C6}.net_4_0_Debug|x86.ActiveCfg = net_4_5_Release|Any CPU
		{DC393B66-92ED-4CAD-AB25-CFEF23F3D7C6}.net_4_0_Release|Any CPU.ActiveCfg = Debug|Any CPU
		{DC393B66-92ED-4CAD-AB25-CFEF23F3D7C6}.net_4_0_Release|Any CPU.Build.0 = Debug|Any CPU
		{DC393B66-92ED-4CAD-AB25-CFEF23F3D7C6}.net_4_0_Release|x86.ActiveCfg = Release|Any CPU
		{DC393B66-92ED-4CAD-AB25-CFEF23F3D7C6}.net_4_5_Debug|Any CPU.ActiveCfg = net_4_5_Debug|Any CPU
		{DC393B66-92ED-4CAD-AB25-CFEF23F3D7C6}.net_4_5_Debug|Any CPU.Build.0 = net_4_5_Debug|Any CPU
		{DC393B66-92ED-4CAD-AB25-CFEF23F3D7C6}.net_4_5_Debug|x86.ActiveCfg = net_4_5_Debug|Any CPU
		{DC393B66-92ED-4CAD-AB25-CFEF23F3D7C6}.net_4_5_Release|Any CPU.ActiveCfg = net_4_5_Release|Any CPU
		{DC393B66-92ED-4CAD-AB25-CFEF23F3D7C6}.net_4_5_Release|Any CPU.Build.0 = net_4_5_Release|Any CPU
		{DC393B66-92ED-4CAD-AB25-CFEF23F3D7C6}.net_4_5_Release|x86.ActiveCfg = net_4_5_Release|Any CPU
		{DC393B66-92ED-4CAD-AB25-CFEF23F3D7C6}.Release|Any CPU.ActiveCfg = Release|Any CPU
		{DC393B66-92ED-4CAD-AB25-CFEF23F3D7C6}.Release|Any CPU.Build.0 = Release|Any CPU
		{DC393B66-92ED-4CAD-AB25-CFEF23F3D7C6}.Release|x86.ActiveCfg = Release|Any CPU
		{DC393B66-92ED-4CAD-AB25-CFEF23F3D7C6}.Release|x86.Build.0 = Release|Any CPU
	EndGlobalSection
	GlobalSection(SolutionProperties) = preSolution
		HideSolutionNode = FALSE
	EndGlobalSection
	GlobalSection(MonoDevelopProperties) = preSolution
		StartupItem = OmniSharp\OmniSharp.csproj
	EndGlobalSection
EndGlobal
